
Microsoft Visual Studio Solution File, Format Version 12.00
# Visual Studio Version 17
VisualStudioVersion = 17.3.32929.385
MinimumVisualStudioVersion = 10.0.40219.1
Project("{FAE04EC0-301F-11D3-BF4B-00C04F79EFBC}") = "Lista7Memento", "Lista7Memento\Lista7Memento.csproj", "{9003CFD0-6DAE-49A1-9FF0-706C486B918A}"
EndProject
Global
	GlobalSection(SolutionConfigurationPlatforms) = preSolution
		Debug|Any CPU = Debug|Any CPU
		Release|Any CPU = Release|Any CPU
	EndGlobalSection
	GlobalSection(ProjectConfigurationPlatforms) = postSolution
		{9003CFD0-6DAE-49A1-9FF0-706C486B918A}.Debug|Any CPU.ActiveCfg = Debug|Any CPU
		{9003CFD0-6DAE-49A1-9FF0-706C486B918A}.Debug|Any CPU.Build.0 = Debug|Any CPU
		{9003CFD0-6DAE-49A1-9FF0-706C486B918A}.Release|Any CPU.ActiveCfg = Release|Any CPU
		{9003CFD0-6DAE-49A1-9FF0-706C486B918A}.Release|Any CPU.Build.0 = Release|Any CPU
	EndGlobalSection
	GlobalSection(SolutionProperties) = preSolution
		HideSolutionNode = FALSE
	EndGlobalSection
	GlobalSection(ExtensibilityGlobals) = postSolution
		SolutionGuid = {B20018B1-DECE-4746-846B-7909D1EA95A7}
	EndGlobalSection
EndGlobal
